
Microsoft Visual Studio Solution File, Format Version 12.00
# Visual Studio Version 17
VisualStudioVersion = 17.0.31612.314
MinimumVisualStudioVersion = 10.0.40219.1
Project("{9A19103F-16F7-4668-BE54-9A1E7A4F7556}") = "CurvePCB", "CurvePCB\CurvePCB.csproj", "{2CC889C6-B5BF-4983-A024-DD4FA48D1C6C}"
EndProject
Project("{9A19103F-16F7-4668-BE54-9A1E7A4F7556}") = "CurvePCB.Test", "CurvePCB.Test\CurvePCB.Test.csproj", "{25268C66-6C75-4BE9-B4BF-F6462E7D5A1C}"
EndProject
Project("{9A19103F-16F7-4668-BE54-9A1E7A4F7556}") = "CurvePCB.Lib", "CurvePCB.Lib\CurvePCB.Lib.csproj", "{32FCDD5E-D765-4654-8601-F2CDBB277D38}"
EndProject
Project("{9A19103F-16F7-4668-BE54-9A1E7A4F7556}") = "CurvePCB.Ui", "CurvePCB.Ui\CurvePCB.Ui.csproj", "{C14FFC0B-4B1C-4574-94BF-1D3D536DB0EA}"
EndProject
Project("{9A19103F-16F7-4668-BE54-9A1E7A4F7556}") = "CurvePCB.Maui", "CurvePCB.Maui\CurvePCB.Maui.csproj", "{4CED9CA4-261E-4C0B-83A5-5C6183BF94CC}"
EndProject
Project("{FAE04EC0-301F-11D3-BF4B-00C04F79EFBC}") = "CurvePCB.Avalonia.UI", "CurvePCB.Avalonia.UI\CurvePCB.Avalonia.UI\CurvePCB.Avalonia.UI.csproj", "{27BC1360-CADB-4911-A116-8CBDFC99C76E}"
EndProject
Project("{FAE04EC0-301F-11D3-BF4B-00C04F79EFBC}") = "CurvePCB.Avalonia.UI.Android", "CurvePCB.Avalonia.UI\CurvePCB.Avalonia.UI.Android\CurvePCB.Avalonia.UI.Android.csproj", "{4E8E8EB2-54FF-4D77-BADD-B302C7440FCA}"
EndProject
Project("{FAE04EC0-301F-11D3-BF4B-00C04F79EFBC}") = "CurvePCB.Avalonia.UI.Desktop", "CurvePCB.Avalonia.UI\CurvePCB.Avalonia.UI.Desktop\CurvePCB.Avalonia.UI.Desktop.csproj", "{7DFC9250-5B08-4893-A78B-DE6D999C7E82}"
EndProject
Project("{FAE04EC0-301F-11D3-BF4B-00C04F79EFBC}") = "CurvePCB.Avalonia.UI.iOS", "CurvePCB.Avalonia.UI\CurvePCB.Avalonia.UI.iOS\CurvePCB.Avalonia.UI.iOS.csproj", "{44091DDA-BE3E-4826-ACC3-3FD77FB1FF1A}"
EndProject
Project("{FAE04EC0-301F-11D3-BF4B-00C04F79EFBC}") = "CurvePCB.Avalonia.UI.Browser", "CurvePCB.Avalonia.UI\CurvePCB.Avalonia.UI.Browser\CurvePCB.Avalonia.UI.Browser.csproj", "{6DABAEDE-73A8-404C-8B67-38CC6B75C197}"
EndProject
Global
	GlobalSection(SolutionConfigurationPlatforms) = preSolution
		Debug|Any CPU = Debug|Any CPU
		Release|Any CPU = Release|Any CPU
	EndGlobalSection
	GlobalSection(ProjectConfigurationPlatforms) = postSolution
		{2CC889C6-B5BF-4983-A024-DD4FA48D1C6C}.Debug|Any CPU.ActiveCfg = Debug|Any CPU
		{2CC889C6-B5BF-4983-A024-DD4FA48D1C6C}.Debug|Any CPU.Build.0 = Debug|Any CPU
		{2CC889C6-B5BF-4983-A024-DD4FA48D1C6C}.Release|Any CPU.ActiveCfg = Release|Any CPU
		{2CC889C6-B5BF-4983-A024-DD4FA48D1C6C}.Release|Any CPU.Build.0 = Release|Any CPU
		{25268C66-6C75-4BE9-B4BF-F6462E7D5A1C}.Debug|Any CPU.ActiveCfg = Debug|Any CPU
		{25268C66-6C75-4BE9-B4BF-F6462E7D5A1C}.Debug|Any CPU.Build.0 = Debug|Any CPU
		{25268C66-6C75-4BE9-B4BF-F6462E7D5A1C}.Release|Any CPU.ActiveCfg = Release|Any CPU
		{25268C66-6C75-4BE9-B4BF-F6462E7D5A1C}.Release|Any CPU.Build.0 = Release|Any CPU
		{32FCDD5E-D765-4654-8601-F2CDBB277D38}.Debug|Any CPU.ActiveCfg = Debug|Any CPU
		{32FCDD5E-D765-4654-8601-F2CDBB277D38}.Debug|Any CPU.Build.0 = Debug|Any CPU
		{32FCDD5E-D765-4654-8601-F2CDBB277D38}.Release|Any CPU.ActiveCfg = Release|Any CPU
		{32FCDD5E-D765-4654-8601-F2CDBB277D38}.Release|Any CPU.Build.0 = Release|Any CPU
		{C14FFC0B-4B1C-4574-94BF-1D3D536DB0EA}.Debug|Any CPU.ActiveCfg = Debug|Any CPU
		{C14FFC0B-4B1C-4574-94BF-1D3D536DB0EA}.Debug|Any CPU.Build.0 = Debug|Any CPU
		{C14FFC0B-4B1C-4574-94BF-1D3D536DB0EA}.Release|Any CPU.ActiveCfg = Release|Any CPU
		{C14FFC0B-4B1C-4574-94BF-1D3D536DB0EA}.Release|Any CPU.Build.0 = Release|Any CPU
		{4CED9CA4-261E-4C0B-83A5-5C6183BF94CC}.Debug|Any CPU.ActiveCfg = Debug|Any CPU
		{4CED9CA4-261E-4C0B-83A5-5C6183BF94CC}.Debug|Any CPU.Build.0 = Debug|Any CPU
		{4CED9CA4-261E-4C0B-83A5-5C6183BF94CC}.Debug|Any CPU.Deploy.0 = Debug|Any CPU
		{4CED9CA4-261E-4C0B-83A5-5C6183BF94CC}.Release|Any CPU.ActiveCfg = Release|Any CPU
		{4CED9CA4-261E-4C0B-83A5-5C6183BF94CC}.Release|Any CPU.Build.0 = Release|Any CPU
		{27BC1360-CADB-4911-A116-8CBDFC99C76E}.Debug|Any CPU.ActiveCfg = Debug|Any CPU
		{27BC1360-CADB-4911-A116-8CBDFC99C76E}.Debug|Any CPU.Build.0 = Debug|Any CPU
		{27BC1360-CADB-4911-A116-8CBDFC99C76E}.Release|Any CPU.ActiveCfg = Release|Any CPU
		{27BC1360-CADB-4911-A116-8CBDFC99C76E}.Release|Any CPU.Build.0 = Release|Any CPU
		{4E8E8EB2-54FF-4D77-BADD-B302C7440FCA}.Debug|Any CPU.ActiveCfg = Debug|Any CPU
		{4E8E8EB2-54FF-4D77-BADD-B302C7440FCA}.Debug|Any CPU.Build.0 = Debug|Any CPU
		{4E8E8EB2-54FF-4D77-BADD-B302C7440FCA}.Debug|Any CPU.Deploy.0 = Debug|Any CPU
		{4E8E8EB2-54FF-4D77-BADD-B302C7440FCA}.Release|Any CPU.ActiveCfg = Release|Any CPU
		{4E8E8EB2-54FF-4D77-BADD-B302C7440FCA}.Release|Any CPU.Build.0 = Release|Any CPU
		{4E8E8EB2-54FF-4D77-BADD-B302C7440FCA}.Release|Any CPU.Deploy.0 = Release|Any CPU
		{7DFC9250-5B08-4893-A78B-DE6D999C7E82}.Debug|Any CPU.ActiveCfg = Debug|Any CPU
		{7DFC9250-5B08-4893-A78B-DE6D999C7E82}.Debug|Any CPU.Build.0 = Debug|Any CPU
		{7DFC9250-5B08-4893-A78B-DE6D999C7E82}.Release|Any CPU.ActiveCfg = Release|Any CPU
		{7DFC9250-5B08-4893-A78B-DE6D999C7E82}.Release|Any CPU.Build.0 = Release|Any CPU
		{44091DDA-BE3E-4826-ACC3-3FD77FB1FF1A}.Debug|Any CPU.ActiveCfg = Debug|Any CPU
		{44091DDA-BE3E-4826-ACC3-3FD77FB1FF1A}.Debug|Any CPU.Build.0 = Debug|Any CPU
		{44091DDA-BE3E-4826-ACC3-3FD77FB1FF1A}.Debug|Any CPU.Deploy.0 = Debug|Any CPU
		{44091DDA-BE3E-4826-ACC3-3FD77FB1FF1A}.Release|Any CPU.ActiveCfg = Release|Any CPU
		{44091DDA-BE3E-4826-ACC3-3FD77FB1FF1A}.Release|Any CPU.Build.0 = Release|Any CPU
		{44091DDA-BE3E-4826-ACC3-3FD77FB1FF1A}.Release|Any CPU.Deploy.0 = Release|Any CPU
		{6DABAEDE-73A8-404C-8B67-38CC6B75C197}.Debug|Any CPU.ActiveCfg = Debug|Any CPU
		{6DABAEDE-73A8-404C-8B67-38CC6B75C197}.Debug|Any CPU.Build.0 = Debug|Any CPU
		{6DABAEDE-73A8-404C-8B67-38CC6B75C197}.Release|Any CPU.ActiveCfg = Release|Any CPU
		{6DABAEDE-73A8-404C-8B67-38CC6B75C197}.Release|Any CPU.Build.0 = Release|Any CPU
	EndGlobalSection
	GlobalSection(SolutionProperties) = preSolution
		HideSolutionNode = FALSE
	EndGlobalSection
	GlobalSection(ExtensibilityGlobals) = postSolution
		SolutionGuid = {2A12B348-8C81-4822-854C-79230C52B7DA}
	EndGlobalSection
EndGlobal
